
Microsoft Visual Studio Solution File, Format Version 12.00
# Visual Studio Version 17
VisualStudioVersion = 17.5.2.0
MinimumVisualStudioVersion = 10.0.40219.1
Project("{FAE04EC0-301F-11D3-BF4B-00C04F79EFBC}") = "Motoflow.Trainer", "Motoflow.Trainer\Motoflow.Trainer.csproj", "{148AD763-36F6-40FF-8A44-DB66038F58E9}"
EndProject
Project("{FAE04EC0-301F-11D3-BF4B-00C04F79EFBC}") = "Motoflow.Web", "Motoflow.Web\Motoflow.Web.csproj", "{311D0009-EC8B-4A21-B341-0A75D81D41B1}"
EndProject
Project("{FAE04EC0-301F-11D3-BF4B-00C04F79EFBC}") = "Motoflow.Tests", "Motoflow.Tests\Motoflow.Tests.csproj", "{A7D04198-9258-44BF-BE0D-26A459E83853}"
EndProject
Global
	GlobalSection(SolutionConfigurationPlatforms) = preSolution
		Debug|Any CPU = Debug|Any CPU
		Debug|x64 = Debug|x64
		Debug|x86 = Debug|x86
		Release|Any CPU = Release|Any CPU
		Release|x64 = Release|x64
		Release|x86 = Release|x86
	EndGlobalSection
	GlobalSection(ProjectConfigurationPlatforms) = postSolution
		{148AD763-36F6-40FF-8A44-DB66038F58E9}.Debug|Any CPU.ActiveCfg = Debug|Any CPU
		{148AD763-36F6-40FF-8A44-DB66038F58E9}.Debug|Any CPU.Build.0 = Debug|Any CPU
		{148AD763-36F6-40FF-8A44-DB66038F58E9}.Debug|x64.ActiveCfg = Debug|Any CPU
		{148AD763-36F6-40FF-8A44-DB66038F58E9}.Debug|x64.Build.0 = Debug|Any CPU
		{148AD763-36F6-40FF-8A44-DB66038F58E9}.Debug|x86.ActiveCfg = Debug|Any CPU
		{148AD763-36F6-40FF-8A44-DB66038F58E9}.Debug|x86.Build.0 = Debug|Any CPU
		{148AD763-36F6-40FF-8A44-DB66038F58E9}.Release|Any CPU.ActiveCfg = Release|Any CPU
		{148AD763-36F6-40FF-8A44-DB66038F58E9}.Release|Any CPU.Build.0 = Release|Any CPU
		{148AD763-36F6-40FF-8A44-DB66038F58E9}.Release|x64.ActiveCfg = Release|Any CPU
		{148AD763-36F6-40FF-8A44-DB66038F58E9}.Release|x64.Build.0 = Release|Any CPU
		{148AD763-36F6-40FF-8A44-DB66038F58E9}.Release|x86.ActiveCfg = Release|Any CPU
		{148AD763-36F6-40FF-8A44-DB66038F58E9}.Release|x86.Build.0 = Release|Any CPU
		{311D0009-EC8B-4A21-B341-0A75D81D41B1}.Debug|Any CPU.ActiveCfg = Debug|Any CPU
		{311D0009-EC8B-4A21-B341-0A75D81D41B1}.Debug|Any CPU.Build.0 = Debug|Any CPU
		{311D0009-EC8B-4A21-B341-0A75D81D41B1}.Debug|x64.ActiveCfg = Debug|Any CPU
		{311D0009-EC8B-4A21-B341-0A75D81D41B1}.Debug|x64.Build.0 = Debug|Any CPU
		{311D0009-EC8B-4A21-B341-0A75D81D41B1}.Debug|x86.ActiveCfg = Debug|Any CPU
		{311D0009-EC8B-4A21-B341-0A75D81D41B1}.Debug|x86.Build.0 = Debug|Any CPU
		{311D0009-EC8B-4A21-B341-0A75D81D41B1}.Release|Any CPU.ActiveCfg = Release|Any CPU
		{311D0009-EC8B-4A21-B341-0A75D81D41B1}.Release|Any CPU.Build.0 = Release|Any CPU
		{311D0009-EC8B-4A21-B341-0A75D81D41B1}.Release|x64.ActiveCfg = Release|Any CPU
		{311D0009-EC8B-4A21-B341-0A75D81D41B1}.Release|x64.Build.0 = Release|Any CPU
		{311D0009-EC8B-4A21-B341-0A75D81D41B1}.Release|x86.ActiveCfg = Release|Any CPU
		{311D0009-EC8B-4A21-B341-0A75D81D41B1}.Release|x86.Build.0 = Release|Any CPU
		{A7D04198-9258-44BF-BE0D-26A459E83853}.Debug|Any CPU.ActiveCfg = Debug|Any CPU
		{A7D04198-9258-44BF-BE0D-26A459E83853}.Debug|Any CPU.Build.0 = Debug|Any CPU
		{A7D04198-9258-44BF-BE0D-26A459E83853}.Debug|x64.ActiveCfg = Debug|Any CPU
		{A7D04198-9258-44BF-BE0D-26A459E83853}.Debug|x64.Build.0 = Debug|Any CPU
		{A7D04198-9258-44BF-BE0D-26A459E83853}.Debug|x86.ActiveCfg = Debug|Any CPU
		{A7D04198-9258-44BF-BE0D-26A459E83853}.Debug|x86.Build.0 = Debug|Any CPU
		{A7D04198-9258-44BF-BE0D-26A459E83853}.Release|Any CPU.ActiveCfg = Release|Any CPU
		{A7D04198-9258-44BF-BE0D-26A459E83853}.Release|Any CPU.Build.0 = Release|Any CPU
		{A7D04198-9258-44BF-BE0D-26A459E83853}.Release|x64.ActiveCfg = Release|Any CPU
		{A7D04198-9258-44BF-BE0D-26A459E83853}.Release|x64.Build.0 = Release|Any CPU
		{A7D04198-9258-44BF-BE0D-26A459E83853}.Release|x86.ActiveCfg = Release|Any CPU
		{A7D04198-9258-44BF-BE0D-26A459E83853}.Release|x86.Build.0 = Release|Any CPU
	EndGlobalSection
	GlobalSection(SolutionProperties) = preSolution
		HideSolutionNode = FALSE
	EndGlobalSection
	GlobalSection(ExtensibilityGlobals) = postSolution
		SolutionGuid = {3EB17A69-5242-4F74-86E0-16128CB78CB7}
	EndGlobalSection
EndGlobal
